// !$*UTF8*$!
{
	archiveVersion = 1;
	classes = {
	};
	objectVersion = 46;
	objects = {

/* Begin PBXBuildFile section */
		5A702CF41D39FDB400384454 /* AppDelegate.swift in Sources */ = {isa = PBXBuildFile; fileRef = 5A702CF31D39FDB400384454 /* AppDelegate.swift */; };
		5A702CF61D39FDB400384454 /* ViewController.swift in Sources */ = {isa = PBXBuildFile; fileRef = 5A702CF51D39FDB400384454 /* ViewController.swift */; };
		5A702CF91D39FDB400384454 /* Main.storyboard in Resources */ = {isa = PBXBuildFile; fileRef = 5A702CF71D39FDB400384454 /* Main.storyboard */; };
		5A702CFB1D39FDB400384454 /* Assets.xcassets in Resources */ = {isa = PBXBuildFile; fileRef = 5A702CFA1D39FDB400384454 /* Assets.xcassets */; };
		5A702CFE1D39FDB400384454 /* LaunchScreen.storyboard in Resources */ = {isa = PBXBuildFile; fileRef = 5A702CFC1D39FDB400384454 /* LaunchScreen.storyboard */; };
		5A702D091D39FDB400384454 /* LazyRssTests.swift in Sources */ = {isa = PBXBuildFile; fileRef = 5A702D081D39FDB400384454 /* LazyRssTests.swift */; };
		5A702D141D39FDB400384454 /* LazyRssUITests.swift in Sources */ = {isa = PBXBuildFile; fileRef = 5A702D131D39FDB400384454 /* LazyRssUITests.swift */; };
/* End PBXBuildFile section */

/* Begin PBXContainerItemProxy section */
		5A702D051D39FDB400384454 /* PBXContainerItemProxy */ = {
			isa = PBXContainerItemProxy;
			containerPortal = 5A702CE81D39FDB400384454 /* Project object */;
			proxyType = 1;
			remoteGlobalIDString = 5A702CEF1D39FDB400384454;
			remoteInfo = LazyRss;
		};
		5A702D101D39FDB400384454 /* PBXContainerItemProxy */ = {
			isa = PBXContainerItemProxy;
			containerPortal = 5A702CE81D39FDB400384454 /* Project object */;
			proxyType = 1;
			remoteGlobalIDString = 5A702CEF1D39FDB400384454;
			remoteInfo = LazyRss;
		};
/* End PBXContainerItemProxy section */

/* Begin PBXFileReference section */
		5A702CF01D39FDB400384454 /* LazyRss.app */ = {isa = PBXFileReference; explicitFileType = wrapper.application; includeInIndex = 0; path = LazyRss.app; sourceTree = BUILT_PRODUCTS_DIR; };
		5A702CF31D39FDB400384454 /* AppDelegate.swift */ = {isa = PBXFileReference; lastKnownFileType = sourcecode.swift; path = AppDelegate.swift; sourceTree = "<group>"; };
		5A702CF51D39FDB400384454 /* ViewController.swift */ = {isa = PBXFileReference; lastKnownFileType = sourcecode.swift; path = ViewController.swift; sourceTree = "<group>"; };
		5A702CF81D39FDB400384454 /* Base */ = {isa = PBXFileReference; lastKnownFileType = file.storyboard; name = Base; path = Base.lproj/Main.storyboard; sourceTree = "<group>"; };
		5A702CFA1D39FDB400384454 /* Assets.xcassets */ = {isa = PBXFileReference; lastKnownFileType = folder.assetcatalog; path = Assets.xcassets; sourceTree = "<group>"; };
		5A702CFD1D39FDB400384454 /* Base */ = {isa = PBXFileReference; lastKnownFileType = file.storyboard; name = Base; path = Base.lproj/LaunchScreen.storyboard; sourceTree = "<group>"; };
		5A702CFF1D39FDB400384454 /* Info.plist */ = {isa = PBXFileReference; lastKnownFileType = text.plist.xml; path = Info.plist; sourceTree = "<group>"; };
		5A702D041D39FDB400384454 /* LazyRssTests.xctest */ = {isa = PBXFileReference; explicitFileType = wrapper.cfbundle; includeInIndex = 0; path = LazyRssTests.xctest; sourceTree = BUILT_PRODUCTS_DIR; };
		5A702D081D39FDB400384454 /* LazyRssTests.swift */ = {isa = PBXFileReference; lastKnownFileType = sourcecode.swift; path = LazyRssTests.swift; sourceTree = "<group>"; };
		5A702D0A1D39FDB400384454 /* Info.plist */ = {isa = PBXFileReference; lastKnownFileType = text.plist.xml; path = Info.plist; sourceTree = "<group>"; };
		5A702D0F1D39FDB400384454 /* LazyRssUITests.xctest */ = {isa = PBXFileReference; explicitFileType = wrapper.cfbundle; includeInIndex = 0; path = LazyRssUITests.xctest; sourceTree = BUILT_PRODUCTS_DIR; };
		5A702D131D39FDB400384454 /* LazyRssUITests.swift */ = {isa = PBXFileReference; lastKnownFileType = sourcecode.swift; path = LazyRssUITests.swift; sourceTree = "<group>"; };
		5A702D151D39FDB400384454 /* Info.plist */ = {isa = PBXFileReference; lastKnownFileType = text.plist.xml; path = Info.plist; sourceTree = "<group>"; };
/* End PBXFileReference section */

/* Begin PBXFrameworksBuildPhase section */
		5A702CED1D39FDB400384454 /* Frameworks */ = {
			isa = PBXFrameworksBuildPhase;
			buildActionMask = 2147483647;
			files = (
			);
			runOnlyForDeploymentPostprocessing = 0;
		};
		5A702D011D39FDB400384454 /* Frameworks */ = {
			isa = PBXFrameworksBuildPhase;
			buildActionMask = 2147483647;
			files = (
			);
			runOnlyForDeploymentPostprocessing = 0;
		};
		5A702D0C1D39FDB400384454 /* Frameworks */ = {
			isa = PBXFrameworksBuildPhase;
			buildActionMask = 2147483647;
			files = (
			);
			runOnlyForDeploymentPostprocessing = 0;
		};
/* End PBXFrameworksBuildPhase section */

/* Begin PBXGroup section */
		5A702CE71D39FDB400384454 = {
			isa = PBXGroup;
			children = (
				5A702CF21D39FDB400384454 /* LazyRss */,
				5A702D071D39FDB400384454 /* LazyRssTests */,
				5A702D121D39FDB400384454 /* LazyRssUITests */,
				5A702CF11D39FDB400384454 /* Products */,
			);
			sourceTree = "<group>";
		};
		5A702CF11D39FDB400384454 /* Products */ = {
			isa = PBXGroup;
			children = (
				5A702CF01D39FDB400384454 /* LazyRss.app */,
				5A702D041D39FDB400384454 /* LazyRssTests.xctest */,
				5A702D0F1D39FDB400384454 /* LazyRssUITests.xctest */,
			);
			name = Products;
			sourceTree = "<group>";
		};
		5A702CF21D39FDB400384454 /* LazyRss */ = {
			isa = PBXGroup;
			children = (
				5A702CF31D39FDB400384454 /* AppDelegate.swift */,
				5A702CF51D39FDB400384454 /* ViewController.swift */,
				5A702CF71D39FDB400384454 /* Main.storyboard */,
				5A702CFA1D39FDB400384454 /* Assets.xcassets */,
				5A702CFC1D39FDB400384454 /* LaunchScreen.storyboard */,
				5A702CFF1D39FDB400384454 /* Info.plist */,
			);
			path = LazyRss;
			sourceTree = "<group>";
		};
		5A702D071D39FDB400384454 /* LazyRssTests */ = {
			isa = PBXGroup;
			children = (
				5A702D081D39FDB400384454 /* LazyRssTests.swift */,
				5A702D0A1D39FDB400384454 /* Info.plist */,
			);
			path = LazyRssTests;
			sourceTree = "<group>";
		};
		5A702D121D39FDB400384454 /* LazyRssUITests */ = {
			isa = PBXGroup;
			children = (
				5A702D131D39FDB400384454 /* LazyRssUITests.swift */,
				5A702D151D39FDB400384454 /* Info.plist */,
			);
			path = LazyRssUITests;
			sourceTree = "<group>";
		};
/* End PBXGroup section */

/* Begin PBXNativeTarget section */
		5A702CEF1D39FDB400384454 /* LazyRss */ = {
			isa = PBXNativeTarget;
			buildConfigurationList = 5A702D181D39FDB400384454 /* Build configuration list for PBXNativeTarget "LazyRss" */;
			buildPhases = (
				5A702CEC1D39FDB400384454 /* Sources */,
				5A702CED1D39FDB400384454 /* Frameworks */,
				5A702CEE1D39FDB400384454 /* Resources */,
			);
			buildRules = (
			);
			dependencies = (
			);
			name = LazyRss;
			productName = LazyRss;
			productReference = 5A702CF01D39FDB400384454 /* LazyRss.app */;
			productType = "com.apple.product-type.application";
		};
		5A702D031D39FDB400384454 /* LazyRssTests */ = {
			isa = PBXNativeTarget;
			buildConfigurationList = 5A702D1B1D39FDB400384454 /* Build configuration list for PBXNativeTarget "LazyRssTests" */;
			buildPhases = (
				5A702D001D39FDB400384454 /* Sources */,
				5A702D011D39FDB400384454 /* Frameworks */,
				5A702D021D39FDB400384454 /* Resources */,
			);
			buildRules = (
			);
			dependencies = (
				5A702D061D39FDB400384454 /* PBXTargetDependency */,
			);
			name = LazyRssTests;
			productName = LazyRssTests;
			productReference = 5A702D041D39FDB400384454 /* LazyRssTests.xctest */;
			productType = "com.apple.product-type.bundle.unit-test";
		};
		5A702D0E1D39FDB400384454 /* LazyRssUITests */ = {
			isa = PBXNativeTarget;
			buildConfigurationList = 5A702D1E1D39FDB400384454 /* Build configuration list for PBXNativeTarget "LazyRssUITests" */;
			buildPhases = (
				5A702D0B1D39FDB400384454 /* Sources */,
				5A702D0C1D39FDB400384454 /* Frameworks */,
				5A702D0D1D39FDB400384454 /* Resources */,
			);
			buildRules = (
			);
			dependencies = (
				5A702D111D39FDB400384454 /* PBXTargetDependency */,
			);
			name = LazyRssUITests;
			productName = LazyRssUITests;
			productReference = 5A702D0F1D39FDB400384454 /* LazyRssUITests.xctest */;
			productType = "com.apple.product-type.bundle.ui-testing";
		};
/* End PBXNativeTarget section */

/* Begin PBXProject section */
		5A702CE81D39FDB400384454 /* Project object */ = {
			isa = PBXProject;
			attributes = {
				LastSwiftUpdateCheck = 0730;
				LastUpgradeCheck = 0730;
				ORGANIZATIONNAME = "YUKI OKADA";
				TargetAttributes = {
					5A702CEF1D39FDB400384454 = {
						CreatedOnToolsVersion = 7.3;
						DevelopmentTeam = XNE42CGF8A;
					};
					5A702D031D39FDB400384454 = {
						CreatedOnToolsVersion = 7.3;
						TestTargetID = 5A702CEF1D39FDB400384454;
					};
					5A702D0E1D39FDB400384454 = {
						CreatedOnToolsVersion = 7.3;
						TestTargetID = 5A702CEF1D39FDB400384454;
					};
				};
			};
			buildConfigurationList = 5A702CEB1D39FDB400384454 /* Build configuration list for PBXProject "LazyRss" */;
			compatibilityVersion = "Xcode 3.2";
			developmentRegion = English;
			hasScannedForEncodings = 0;
			knownRegions = (
				en,
				Base,
			);
			mainGroup = 5A702CE71D39FDB400384454;
			productRefGroup = 5A702CF11D39FDB400384454 /* Products */;
			projectDirPath = "";
			projectRoot = "";
			targets = (
				5A702CEF1D39FDB400384454 /* LazyRss */,
				5A702D031D39FDB400384454 /* LazyRssTests */,
				5A702D0E1D39FDB400384454 /* LazyRssUITests */,
			);
		};
/* End PBXProject section */

/* Begin PBXResourcesBuildPhase section */
		5A702CEE1D39FDB400384454 /* Resources */ = {
			isa = PBXResourcesBuildPhase;
			buildActionMask = 2147483647;
			files = (
				5A702CFE1D39FDB400384454 /* LaunchScreen.storyboard in Resources */,
				5A702CFB1D39FDB400384454 /* Assets.xcassets in Resources */,
				5A702CF91D39FDB400384454 /* Main.storyboard in Resources */,
			);
			runOnlyForDeploymentPostprocessing = 0;
		};
		5A702D021D39FDB400384454 /* Resources */ = {
			isa = PBXResourcesBuildPhase;
			buildActionMask = 2147483647;
			files = (
			);
			runOnlyForDeploymentPostprocessing = 0;
		};
		5A702D0D1D39FDB400384454 /* Resources */ = {
			isa = PBXResourcesBuildPhase;
			buildActionMask = 2147483647;
			files = (
			);
			runOnlyForDeploymentPostprocessing = 0;
		};
/* End PBXResourcesBuildPhase section */

/* Begin PBXSourcesBuildPhase section */
		5A702CEC1D39FDB400384454 /* Sources */ = {
			isa = PBXSourcesBuildPhase;
			buildActionMask = 2147483647;
			files = (
				5A702CF61D39FDB400384454 /* ViewController.swift in Sources */,
				5A702CF41D39FDB400384454 /* AppDelegate.swift in Sources */,
			);
			runOnlyForDeploymentPostprocessing = 0;
		};
		5A702D001D39FDB400384454 /* Sources */ = {
			isa = PBXSourcesBuildPhase;
			buildActionMask = 2147483647;
			files = (
				5A702D091D39FDB400384454 /* LazyRssTests.swift in Sources */,
			);
			runOnlyForDeploymentPostprocessing = 0;
		};
		5A702D0B1D39FDB400384454 /* Sources */ = {
			isa = PBXSourcesBuildPhase;
			buildActionMask = 2147483647;
			files = (
				5A702D141D39FDB400384454 /* LazyRssUITests.swift in Sources */,
			);
			runOnlyForDeploymentPostprocessing = 0;
		};
/* End PBXSourcesBuildPhase section */

/* Begin PBXTargetDependency section */
		5A702D061D39FDB400384454 /* PBXTargetDependency */ = {
			isa = PBXTargetDependency;
			target = 5A702CEF1D39FDB400384454 /* LazyRss */;
			targetProxy = 5A702D051D39FDB400384454 /* PBXContainerItemProxy */;
		};
		5A702D111D39FDB400384454 /* PBXTargetDependency */ = {
			isa = PBXTargetDependency;
			target = 5A702CEF1D39FDB400384454 /* LazyRss */;
			targetProxy = 5A702D101D39FDB400384454 /* PBXContainerItemProxy */;
		};
/* End PBXTargetDependency section */

/* Begin PBXVariantGroup section */
		5A702CF71D39FDB400384454 /* Main.storyboard */ = {
			isa = PBXVariantGroup;
			children = (
				5A702CF81D39FDB400384454 /* Base */,
			);
			name = Main.storyboard;
			sourceTree = "<group>";
		};
		5A702CFC1D39FDB400384454 /* LaunchScreen.storyboard */ = {
			isa = PBXVariantGroup;
			children = (
				5A702CFD1D39FDB400384454 /* Base */,
			);
			name = LaunchScreen.storyboard;
			sourceTree = "<group>";
		};
/* End PBXVariantGroup section */

/* Begin XCBuildConfiguration section */
		5A702D161D39FDB400384454 /* Debug */ = {
			isa = XCBuildConfiguration;
			buildSettings = {
				ALWAYS_SEARCH_USER_PATHS = NO;
				CLANG_ANALYZER_NONNULL = YES;
				CLANG_CXX_LANGUAGE_STANDARD = "gnu++0x";
				CLANG_CXX_LIBRARY = "libc++";
				CLANG_ENABLE_MODULES = YES;
				CLANG_ENABLE_OBJC_ARC = YES;
				CLANG_WARN_BOOL_CONVERSION = YES;
				CLANG_WARN_CONSTANT_CONVERSION = YES;
				CLANG_WARN_DIRECT_OBJC_ISA_USAGE = YES_ERROR;
				CLANG_WARN_EMPTY_BODY = YES;
				CLANG_WARN_ENUM_CONVERSION = YES;
				CLANG_WARN_INT_CONVERSION = YES;
				CLANG_WARN_OBJC_ROOT_CLASS = YES_ERROR;
				CLANG_WARN_UNREACHABLE_CODE = YES;
				CLANG_WARN__DUPLICATE_METHOD_MATCH = YES;
				"CODE_SIGN_IDENTITY[sdk=iphoneos*]" = "iPhone Developer";
				COPY_PHASE_STRIP = NO;
				DEBUG_INFORMATION_FORMAT = dwarf;
				ENABLE_STRICT_OBJC_MSGSEND = YES;
				ENABLE_TESTABILITY = YES;
				GCC_C_LANGUAGE_STANDARD = gnu99;
				GCC_DYNAMIC_NO_PIC = NO;
				GCC_NO_COMMON_BLOCKS = YES;
				GCC_OPTIMIZATION_LEVEL = 0;
				GCC_PREPROCESSOR_DEFINITIONS = (
					"DEBUG=1",
					"$(inherited)",
				);
				GCC_WARN_64_TO_32_BIT_CONVERSION = YES;
				GCC_WARN_ABOUT_RETURN_TYPE = YES_ERROR;
				GCC_WARN_UNDECLARED_SELECTOR = YES;
				GCC_WARN_UNINITIALIZED_AUTOS = YES_AGGRESSIVE;
				GCC_WARN_UNUSED_FUNCTION = YES;
				GCC_WARN_UNUSED_VARIABLE = YES;
				IPHONEOS_DEPLOYMENT_TARGET = 9.3;
				MTL_ENABLE_DEBUG_INFO = YES;
				ONLY_ACTIVE_ARCH = YES;
				SDKROOT = iphoneos;
				SWIFT_OPTIMIZATION_LEVEL = "-Onone";
			};
			name = Debug;
		};
		5A702D171D39FDB400384454 /* Release */ = {
			isa = XCBuildConfiguration;
			buildSettings = {
				ALWAYS_SEARCH_USER_PATHS = NO;
				CLANG_ANALYZER_NONNULL = YES;
				CLANG_CXX_LANGUAGE_STANDARD = "gnu++0x";
				CLANG_CXX_LIBRARY = "libc++";
				CLANG_ENABLE_MODULES = YES;
				CLANG_ENABLE_OBJC_ARC = YES;
				CLANG_WARN_BOOL_CONVERSION = YES;
				CLANG_WARN_CONSTANT_CONVERSION = YES;
				CLANG_WARN_DIRECT_OBJC_ISA_USAGE = YES_ERROR;
				CLANG_WARN_EMPTY_BODY = YES;
				CLANG_WARN_ENUM_CONVERSION = YES;
				CLANG_WARN_INT_CONVERSION = YES;
				CLANG_WARN_OBJC_ROOT_CLASS = YES_ERROR;
				CLANG_WARN_UNREACHABLE_CODE = YES;
				CLANG_WARN__DUPLICATE_METHOD_MATCH = YES;
				"CODE_SIGN_IDENTITY[sdk=iphoneos*]" = "iPhone Developer";
				COPY_PHASE_STRIP = NO;
				DEBUG_INFORMATION_FORMAT = "dwarf-with-dsym";
				ENABLE_NS_ASSERTIONS = NO;
				ENABLE_STRICT_OBJC_MSGSEND = YES;
				GCC_C_LANGUAGE_STANDARD = gnu99;
				GCC_NO_COMMON_BLOCKS = YES;
				GCC_WARN_64_TO_32_BIT_CONVERSION = YES;
				GCC_WARN_ABOUT_RETURN_TYPE = YES_ERROR;
				GCC_WARN_UNDECLARED_SELECTOR = YES;
				GCC_WARN_UNINITIALIZED_AUTOS = YES_AGGRESSIVE;
				GCC_WARN_UNUSED_FUNCTION = YES;
				GCC_WARN_UNUSED_VARIABLE = YES;
				IPHONEOS_DEPLOYMENT_TARGET = 9.3;
				MTL_ENABLE_DEBUG_INFO = NO;
				SDKROOT = iphoneos;
				VALIDATE_PRODUCT = YES;
			};
			name = Release;
		};
		5A702D191D39FDB400384454 /* Debug */ = {
			isa = XCBuildConfiguration;
			buildSettings = {
				ASSETCATALOG_COMPILER_APPICON_NAME = AppIcon;
				CODE_SIGN_IDENTITY = "iPhone Developer";
				"CODE_SIGN_IDENTITY[sdk=iphoneos*]" = "iPhone Developer";
				INFOPLIST_FILE = LazyRss/Info.plist;
				IPHONEOS_DEPLOYMENT_TARGET = 9.3;
				LD_RUNPATH_SEARCH_PATHS = "$(inherited) @executable_path/Frameworks";
				PRODUCT_BUNDLE_IDENTIFIER = net.okady.LazyRss;
				PRODUCT_NAME = "$(TARGET_NAME)";
				PROVISIONING_PROFILE = "";
			};
			name = Debug;
		};
		5A702D1A1D39FDB400384454 /* Release */ = {
			isa = XCBuildConfiguration;
			buildSettings = {
				ASSETCATALOG_COMPILER_APPICON_NAME = AppIcon;
				CODE_SIGN_IDENTITY = "iPhone Developer";
				"CODE_SIGN_IDENTITY[sdk=iphoneos*]" = "iPhone Developer";
				INFOPLIST_FILE = LazyRss/Info.plist;
				IPHONEOS_DEPLOYMENT_TARGET = 9.3;
				LD_RUNPATH_SEARCH_PATHS = "$(inherited) @executable_path/Frameworks";
				PRODUCT_BUNDLE_IDENTIFIER = net.okady.LazyRss;
				PRODUCT_NAME = "$(TARGET_NAME)";
				PROVISIONING_PROFILE = "";
			};
			name = Release;
		};
		5A702D1C1D39FDB400384454 /* Debug */ = {
			isa = XCBuildConfiguration;
			buildSettings = {
				BUNDLE_LOADER = "$(TEST_HOST)";
				INFOPLIST_FILE = LazyRssTests/Info.plist;
				LD_RUNPATH_SEARCH_PATHS = "$(inherited) @executable_path/Frameworks @loader_path/Frameworks";
				PRODUCT_BUNDLE_IDENTIFIER = net.okady.LazyRssTests;
				PRODUCT_NAME = "$(TARGET_NAME)";
				TEST_HOST = "$(BUILT_PRODUCTS_DIR)/LazyRss.app/LazyRss";
			};
			name = Debug;
		};
		5A702D1D1D39FDB400384454 /* Release */ = {
			isa = XCBuildConfiguration;
			buildSettings = {
				BUNDLE_LOADER = "$(TEST_HOST)";
				INFOPLIST_FILE = LazyRssTests/Info.plist;
				LD_RUNPATH_SEARCH_PATHS = "$(inherited) @executable_path/Frameworks @loader_path/Frameworks";
				PRODUCT_BUNDLE_IDENTIFIER = net.okady.LazyRssTests;
				PRODUCT_NAME = "$(TARGET_NAME)";
				TEST_HOST = "$(BUILT_PRODUCTS_DIR)/LazyRss.app/LazyRss";
			};
			name = Release;
		};
		5A702D1F1D39FDB400384454 /* Debug */ = {
			isa = XCBuildConfiguration;
			buildSettings = {
				INFOPLIST_FILE = LazyRssUITests/Info.plist;
				LD_RUNPATH_SEARCH_PATHS = "$(inherited) @executable_path/Frameworks @loader_path/Frameworks";
				PRODUCT_BUNDLE_IDENTIFIER = net.okady.LazyRssUITests;
				PRODUCT_NAME = "$(TARGET_NAME)";
				TEST_TARGET_NAME = LazyRss;
			};
			name = Debug;
		};
		5A702D201D39FDB400384454 /* Release */ = {
			isa = XCBuildConfiguration;
			buildSettings = {
				INFOPLIST_FILE = LazyRssUITests/Info.plist;
				LD_RUNPATH_SEARCH_PATHS = "$(inherited) @executable_path/Frameworks @loader_path/Frameworks";
				PRODUCT_BUNDLE_IDENTIFIER = net.okady.LazyRssUITests;
				PRODUCT_NAME = "$(TARGET_NAME)";
				TEST_TARGET_NAME = LazyRss;
			};
			name = Release;
		};
/* End XCBuildConfiguration section */

/* Begin XCConfigurationList section */
		5A702CEB1D39FDB400384454 /* Build configuration list for PBXProject "LazyRss" */ = {
			isa = XCConfigurationList;
			buildConfigurations = (
				5A702D161D39FDB400384454 /* Debug */,
				5A702D171D39FDB400384454 /* Release */,
			);
			defaultConfigurationIsVisible = 0;
			defaultConfigurationName = Release;
		};
		5A702D181D39FDB400384454 /* Build configuration list for PBXNativeTarget "LazyRss" */ = {
			isa = XCConfigurationList;
			buildConfigurations = (
				5A702D191D39FDB400384454 /* Debug */,
				5A702D1A1D39FDB400384454 /* Release */,
			);
			defaultConfigurationIsVisible = 0;
			defaultConfigurationName = Release;
		};
		5A702D1B1D39FDB400384454 /* Build configuration list for PBXNativeTarget "LazyRssTests" */ = {
			isa = XCConfigurationList;
			buildConfigurations = (
				5A702D1C1D39FDB400384454 /* Debug */,
				5A702D1D1D39FDB400384454 /* Release */,
			);
			defaultConfigurationIsVisible = 0;
			defaultConfigurationName = Release;
		};
		5A702D1E1D39FDB400384454 /* Build configuration list for PBXNativeTarget "LazyRssUITests" */ = {
			isa = XCConfigurationList;
			buildConfigurations = (
				5A702D1F1D39FDB400384454 /* Debug */,
				5A702D201D39FDB400384454 /* Release */,
			);
			defaultConfigurationIsVisible = 0;
			defaultConfigurationName = Release;
		};
/* End XCConfigurationList section */
	};
	rootObject = 5A702CE81D39FDB400384454 /* Project object */;
}
